# THIS IS AN AUTOGENERATED FILE. DO NOT EDIT THIS FILE DIRECTLY.
# yarn lockfile v1


"@babel/runtime@^7.1.2", "@babel/runtime@^7.10.4", "@babel/runtime@^7.10.5", "@babel/runtime@^7.13.8", "@babel/runtime@^7.2.0", "@babel/runtime@^7.3.1", "@babel/runtime@^7.4.4", "@babel/runtime@^7.5.5", "@babel/runtime@^7.6.3", "@babel/runtime@^7.8.3", "@babel/runtime@^7.8.7":
  version "7.13.10"
  resolved "https://registry.npmjs.org/@babel/runtime/-/runtime-7.13.10.tgz"
  integrity sha512-4QPkjJq6Ns3V/RgpEahRk+AGfL0eO6RHHtTWoNNr5mO49G6B5+X6d6THgWEAvTrznU5xYpbAlVKRYcsCgh/Akw==
  dependencies:
    regenerator-runtime "^0.13.4"

"@emotion/hash@^0.8.0":
  version "0.8.0"
  resolved "https://registry.npmjs.org/@emotion/hash/-/hash-0.8.0.tgz"
  integrity sha512-kBJtf7PH6aWwZ6fka3zQ0p6SBYzx4fl1LoZXE2RrnYST9Xljm7WfKJrU4g/Xr3Beg72MLrp1AWNUmuYJTL7Cow==

"@fluentui/react-component-event-listener@~0.51.6":
  version "0.51.7"
  resolved "https://registry.npmjs.org/@fluentui/react-component-event-listener/-/react-component-event-listener-0.51.7.tgz"
  integrity sha512-NjVm+crN0T9A7vITL8alZeHnuV8zi2gos0nezU/2YOxaUAB9E4zKiPxt/6k5U50rJs/gj8Nu45iXxnjO41HbZg==
  dependencies:
    "@babel/runtime" "^7.10.4"

"@fluentui/react-component-ref@~0.51.6":
  version "0.51.7"
  resolved "https://registry.npmjs.org/@fluentui/react-component-ref/-/react-component-ref-0.51.7.tgz"
  integrity sha512-CX27jVJYaFoBCWpuWAizQZ2se137ku1dmDyn8sw+ySNJa+kkQf7LnMydiPW5K7cRdUSqUJW3eS4EjKRvVAx8xA==
  dependencies:
    "@babel/runtime" "^7.10.4"
    react-is "^16.6.3"

"@hypnosphi/create-react-context@^0.3.1":
  version "0.3.1"
  resolved "https://registry.yarnpkg.com/@hypnosphi/create-react-context/-/create-react-context-0.3.1.tgz#f8bfebdc7665f5d426cba3753e0e9c7d3154d7c6"
  integrity sha512-V1klUed202XahrWJLLOT3EXNeCpFHCcJntdFGI15ntCwau+jfT386w7OFTMaCqOgXUH1fa0w/I1oZs+i/Rfr0A==
  dependencies:
    gud "^1.0.0"
    warning "^4.0.3"

"@imgix/js-core@^3.1.3":
  version "3.1.3"
  resolved "https://registry.npmjs.org/@imgix/js-core/-/js-core-3.1.3.tgz"
  integrity sha512-7HUIFy4dq9wLSJURgPhglSni50rt3af4cAyBip14koR5oPIGgTGs0W41aQZc5gyCesh7jZaSjm4VxiwqS7gszw==
  dependencies:
    js-base64 "~2.6.0"
    md5 "^2.2.1"

"@material-ui/core@^4.11.3":
  version "4.11.3"
  resolved "https://registry.npmjs.org/@material-ui/core/-/core-4.11.3.tgz"
  integrity sha512-Adt40rGW6Uds+cAyk3pVgcErpzU/qxc7KBR94jFHBYretU4AtWZltYcNsbeMn9tXL86jjVL1kuGcIHsgLgFGRw==
  dependencies:
    "@babel/runtime" "^7.4.4"
    "@material-ui/styles" "^4.11.3"
    "@material-ui/system" "^4.11.3"
    "@material-ui/types" "^5.1.0"
    "@material-ui/utils" "^4.11.2"
    "@types/react-transition-group" "^4.2.0"
    clsx "^1.0.4"
    hoist-non-react-statics "^3.3.2"
    popper.js "1.16.1-lts"
    prop-types "^15.7.2"
    react-is "^16.8.0 || ^17.0.0"
    react-transition-group "^4.4.0"

"@material-ui/styles@^4.11.3":
  version "4.11.3"
  resolved "https://registry.npmjs.org/@material-ui/styles/-/styles-4.11.3.tgz"
  integrity sha512-HzVzCG+PpgUGMUYEJ2rTEmQYeonGh41BYfILNFb/1ueqma+p1meSdu4RX6NjxYBMhf7k+jgfHFTTz+L1SXL/Zg==
  dependencies:
    "@babel/runtime" "^7.4.4"
    "@emotion/hash" "^0.8.0"
    "@material-ui/types" "^5.1.0"
    "@material-ui/utils" "^4.11.2"
    clsx "^1.0.4"
    csstype "^2.5.2"
    hoist-non-react-statics "^3.3.2"
    jss "^10.5.1"
    jss-plugin-camel-case "^10.5.1"
    jss-plugin-default-unit "^10.5.1"
    jss-plugin-global "^10.5.1"
    jss-plugin-nested "^10.5.1"
    jss-plugin-props-sort "^10.5.1"
    jss-plugin-rule-value-function "^10.5.1"
    jss-plugin-vendor-prefixer "^10.5.1"
    prop-types "^15.7.2"

"@material-ui/system@^4.11.3":
  version "4.11.3"
  resolved "https://registry.npmjs.org/@material-ui/system/-/system-4.11.3.tgz"
  integrity sha512-SY7otguNGol41Mu2Sg6KbBP1ZRFIbFLHGK81y4KYbsV2yIcaEPOmsCK6zwWlp+2yTV3J/VwT6oSBARtGIVdXPw==
  dependencies:
    "@babel/runtime" "^7.4.4"
    "@material-ui/utils" "^4.11.2"
    csstype "^2.5.2"
    prop-types "^15.7.2"

"@material-ui/types@^5.1.0":
  version "5.1.0"
  resolved "https://registry.npmjs.org/@material-ui/types/-/types-5.1.0.tgz"
  integrity sha512-7cqRjrY50b8QzRSYyhSpx4WRw2YuO0KKIGQEVk5J8uoz2BanawykgZGoWEqKm7pVIbzFDN0SpPcVV4IhOFkl8A==

"@material-ui/utils@^4.11.2":
  version "4.11.2"
  resolved "https://registry.npmjs.org/@material-ui/utils/-/utils-4.11.2.tgz"
  integrity sha512-Uul8w38u+PICe2Fg2pDKCaIG7kOyhowZ9vjiC1FsVwPABTW8vPPKfF6OvxRq3IiBaI1faOJmgdvMG7rMJARBhA==
  dependencies:
    "@babel/runtime" "^7.4.4"
    prop-types "^15.7.2"
    react-is "^16.8.0 || ^17.0.0"

"@material/animation@^11.0.0":
  version "11.0.0"
  resolved "https://registry.npmjs.org/@material/animation/-/animation-11.0.0.tgz"
  integrity sha512-pAJRl0ySvfOzqyGUme27tPf1LbqrjSTK4g5kngpXOPAIQdYYx89QLAfcqHONSpvXO7/WP+Kc9zJ3WWxbUaG8Wg==
  dependencies:
    tslib "^2.1.0"

"@material/base@^11.0.0":
  version "11.0.0"
  resolved "https://registry.npmjs.org/@material/base/-/base-11.0.0.tgz"
  integrity sha512-GTybYdiWBoEyYQ3he8cEeuXe5mPq2peFX41rBsMrs516TGDxrVJrEAKNedydhtpfRBsZRreTXMLZtbGrZzfIFQ==
  dependencies:
    tslib "^2.1.0"

"@material/card@^11.0.0":
  version "11.0.0"
  resolved "https://registry.npmjs.org/@material/card/-/card-11.0.0.tgz"
  integrity sha512-dIDaOR1QPglmONalBvaHn3CXNRK7v8No8i4XNktN783uuPmFnAM3Sd/hVHnxLm1pCtoiXYbFCq2yNu1ve+TVRw==
  dependencies:
    "@material/dom" "^11.0.0"
    "@material/elevation" "^11.0.0"
    "@material/feature-targeting" "^11.0.0"
    "@material/ripple" "^11.0.0"
    "@material/rtl" "^11.0.0"
    "@material/shape" "^11.0.0"
    "@material/theme" "^11.0.0"
    tslib "^2.1.0"

"@material/dom@^11.0.0":
  version "11.0.0"
  resolved "https://registry.npmjs.org/@material/dom/-/dom-11.0.0.tgz"
  integrity sha512-LZdg6VmYnMXc/Ct/GdQ22o4m3UgjhZYQIrwu9Iebqchx0Vd2OTmcFN5nArHSCSgUEhpjpPlkbZmjOpeOAwiKZg==
  dependencies:
    "@material/feature-targeting" "^11.0.0"
    tslib "^2.1.0"

"@material/elevation@^11.0.0":
  version "11.0.0"
  resolved "https://registry.npmjs.org/@material/elevation/-/elevation-11.0.0.tgz"
  integrity sha512-mgrUSBAdXJ1+VS/SWnu/gr9/nq7P1q5X3aDmoom2EPKauEeKhuAHjABI5duxHOrliZM3mK9VLO56D/tszb7spw==
  dependencies:
    "@material/animation" "^11.0.0"
    "@material/base" "^11.0.0"
    "@material/feature-targeting" "^11.0.0"
    "@material/theme" "^11.0.0"
    tslib "^2.1.0"

"@material/feature-targeting@^11.0.0":
  version "11.0.0"
  resolved "https://registry.npmjs.org/@material/feature-targeting/-/feature-targeting-11.0.0.tgz"
  integrity sha512-7/jdaHm7C16Eq02tDQ1iI+giWKgk+QRNWFrmGKzHfXbU604XwY/eSLSiVS8QI01vx9QZ0aO9K84m0yhQQNQQtg==
  dependencies:
    tslib "^2.1.0"

"@material/ripple@^11.0.0":
  version "11.0.0"
  resolved "https://registry.npmjs.org/@material/ripple/-/ripple-11.0.0.tgz"
  integrity sha512-672zAsYaL8aS861VgfEPL4sFMkFe0psiSc+4DfUTq7Nanl4e1gcarzzHZAn5IExUNk3/5QybDiXV+dbaL/0NjQ==
  dependencies:
    "@material/animation" "^11.0.0"
    "@material/base" "^11.0.0"
    "@material/dom" "^11.0.0"
    "@material/feature-targeting" "^11.0.0"
    "@material/theme" "^11.0.0"
    tslib "^2.1.0"

"@material/rtl@^11.0.0":
  version "11.0.0"
  resolved "https://registry.npmjs.org/@material/rtl/-/rtl-11.0.0.tgz"
  integrity sha512-FcS8+N9MhnC0Wdd34O2yCC/5ylIwkfHjV5pbmHyEtb4YXoWngnPIxgpOr5PsUv95WSQBmeqWCRJDwS+sGZHoKQ==
  dependencies:
    "@material/theme" "^11.0.0"
    tslib "^2.1.0"

"@material/shape@^11.0.0":
  version "11.0.0"
  resolved "https://registry.npmjs.org/@material/shape/-/shape-11.0.0.tgz"
  integrity sha512-O9/Dt/9Nbum1IvxRd4u8gCF4ghk9E55UNp2TGe+RN43zpTUbChh2raOFr3sQeRwLIzlb4wstUG9AxmdktrkDUQ==
  dependencies:
    "@material/feature-targeting" "^11.0.0"
    "@material/rtl" "^11.0.0"
    "@material/theme" "^11.0.0"
    tslib "^2.1.0"

"@material/theme@^11.0.0":
  version "11.0.0"
  resolved "https://registry.npmjs.org/@material/theme/-/theme-11.0.0.tgz"
  integrity sha512-GnQI8sd2wHFD3AvmhpyRaH5o9D5Shobs1xDH4FdRU9+c+FNNqouZMDzyM6UpCX4700DzqvE7l0/1LjzB7ve7Lg==
  dependencies:
    "@material/feature-targeting" "^11.0.0"
    tslib "^2.1.0"

"@popperjs/core@^2.6.0", "@popperjs/core@^2.8.6":
  version "2.9.2"
  resolved "https://registry.npmjs.org/@popperjs/core/-/core-2.9.2.tgz"
  integrity sha512-VZMYa7+fXHdwIq1TDhSXoVmSPEGM/aa+6Aiq3nVVJ9bXr24zScr+NlKFKC3iPljA7ho/GAZr+d2jOf5GIRC30Q==

"@react-spring/animated@~9.1.1":
  version "9.1.1"
  resolved "https://registry.npmjs.org/@react-spring/animated/-/animated-9.1.1.tgz"
  integrity sha512-u8Assg5uySwqyoeb1f7eBAUSl8sleJTewdfhVi1EtcM9ngU2Snhcp6snF8NGxvf4gZp5z7v+Dfx3KdB2V8NnXQ==
  dependencies:
    "@react-spring/shared" "~9.1.1"
    "@react-spring/types" "~9.1.1"

"@react-spring/core@~9.1.1":
  version "9.1.1"
  resolved "https://registry.npmjs.org/@react-spring/core/-/core-9.1.1.tgz"
  integrity sha512-flHeLN56idxQ1YIpUYY1m3r2ZAM2xg7Zb/pHBFSCbnOKP7TtlhAAOfmrabERqaThmrqkFKiq9FjyF76d3OjE5g==
  dependencies:
    "@react-spring/animated" "~9.1.1"
    "@react-spring/shared" "~9.1.1"
    "@react-spring/types" "~9.1.1"

"@react-spring/konva@~9.1.1":
  version "9.1.1"
  resolved "https://registry.npmjs.org/@react-spring/konva/-/konva-9.1.1.tgz"
  integrity sha512-xD93j5gNYyNTspvtxZXIU91RIfAKdqHMCJ4m6pugFQyHpa3EYVFDIMkPx7l7sCngMH/9Ez5Irit7NDtp7rZ1Hw==
  dependencies:
    "@react-spring/animated" "~9.1.1"
    "@react-spring/core" "~9.1.1"
    "@react-spring/shared" "~9.1.1"
    "@react-spring/types" "~9.1.1"

"@react-spring/native@~9.1.1":
  version "9.1.1"
  resolved "https://registry.npmjs.org/@react-spring/native/-/native-9.1.1.tgz"
  integrity sha512-eDBB4rSCmsuqyhc15VtEOQmEebvnMdg4Nh/OTyAvfDVNQTXm9H1LwZpKi1enxq2kUhpyZ8jX3kHzz3DPy0+Dag==
  dependencies:
    "@react-spring/animated" "~9.1.1"
    "@react-spring/core" "~9.1.1"
    "@react-spring/shared" "~9.1.1"
    "@react-spring/types" "~9.1.1"

"@react-spring/shared@~9.1.1":
  version "9.1.1"
  resolved "https://registry.npmjs.org/@react-spring/shared/-/shared-9.1.1.tgz"
  integrity sha512-GA9A9l5JxC50eDTDPu5IDUMhQ4MiBrXd3ZdlI6/wUCgAsZ1wPx77sxaccomxlUomRet0IUcXCEKcL1Flax7ZMQ==
  dependencies:
    "@react-spring/types" "~9.1.1"
    rafz "^0.1.14"

"@react-spring/three@~9.1.1":
  version "9.1.1"
  resolved "https://registry.npmjs.org/@react-spring/three/-/three-9.1.1.tgz"
  integrity sha512-0CW41OHFkyx9laD/ZEkuHLXTq58c25ZFPTD+NyI2wHuhI1wyM0YGhlueNFXVpzkgpwj9dYnpdI7KxN7Cx0dnJg==
  dependencies:
    "@react-spring/animated" "~9.1.1"
    "@react-spring/core" "~9.1.1"
    "@react-spring/shared" "~9.1.1"
    "@react-spring/types" "~9.1.1"

"@react-spring/types@~9.1.1":
  version "9.1.1"
  resolved "https://registry.npmjs.org/@react-spring/types/-/types-9.1.1.tgz"
  integrity sha512-GaesYowey+nmDw/yhZ5jErEH2UaDl4jxax8aQtW5h3OpNu/QS8swoEn/jxQgffLb0n6gjsER7QyIx/dmZIWlyw==

"@react-spring/web@~9.1.1":
  version "9.1.1"
  resolved "https://registry.npmjs.org/@react-spring/web/-/web-9.1.1.tgz"
  integrity sha512-py4c/Agqz9Unf+Apame29XYTLqHnKXSwJA6Q44jcNtHRFMuRjIpCyhS13C1ZI5PcJT0g9b8CvtMQFiShne8wNQ==
  dependencies:
    "@react-spring/animated" "~9.1.1"
    "@react-spring/core" "~9.1.1"
    "@react-spring/shared" "~9.1.1"
    "@react-spring/types" "~9.1.1"

"@react-spring/zdog@~9.1.1":
  version "9.1.1"
  resolved "https://registry.npmjs.org/@react-spring/zdog/-/zdog-9.1.1.tgz"
  integrity sha512-v0bSWfc0HtfAH+ijdml+/h8pFtP+WtWkd8pDq1ncfA0V0ey+8/SILE6vd69jSIYq8Wr/Q/qIpMvPmM77YkT+Ag==
  dependencies:
    "@react-spring/animated" "~9.1.1"
    "@react-spring/core" "~9.1.1"
    "@react-spring/shared" "~9.1.1"
    "@react-spring/types" "~9.1.1"

"@restart/context@^2.1.4":
  version "2.1.4"
  resolved "https://registry.npmjs.org/@restart/context/-/context-2.1.4.tgz"
  integrity sha512-INJYZQJP7g+IoDUh/475NlGiTeMfwTXUEr3tmRneckHIxNolGOW9CTq83S8cxq0CgJwwcMzMJFchxvlwe7Rk8Q==

"@restart/hooks@^0.3.26":
  version "0.3.26"
  resolved "https://registry.npmjs.org/@restart/hooks/-/hooks-0.3.26.tgz"
  integrity sha512-7Hwk2ZMYm+JLWcb7R9qIXk1OoUg1Z+saKWqZXlrvFwT3w6UArVNWgxYOzf+PJoK9zZejp8okPAKTctthhXLt5g==
  dependencies:
    lodash "^4.17.20"
    lodash-es "^4.17.20"

"@semantic-ui-react/event-stack@^3.1.2":
  version "3.1.2"
  resolved "https://registry.npmjs.org/@semantic-ui-react/event-stack/-/event-stack-3.1.2.tgz"
  integrity sha512-Yd0Qf7lPCIjzJ9bZYfurlNu2RDXT6KKSyubHfYK3WjRauhxCsq6Fk2LMRI9DEvShoEU+AsLSv3NGkqXAcVp0zg==
  dependencies:
    exenv "^1.2.2"
    prop-types "^15.6.2"

"@types/classnames@^2.2.10":
  version "2.3.1"
  resolved "https://registry.npmjs.org/@types/classnames/-/classnames-2.3.1.tgz"
  integrity sha512-zeOWb0JGBoVmlQoznvqXbE0tEC/HONsnoUNH19Hc96NFsTAwTXbTqb8FMYkru1F/iqp7a18Ws3nWJvtA1sHD1A==
  dependencies:
    classnames "*"

"@types/invariant@^2.2.33":
  version "2.2.34"
  resolved "https://registry.npmjs.org/@types/invariant/-/invariant-2.2.34.tgz"
  integrity sha512-lYUtmJ9BqUN688fGY1U1HZoWT1/Jrmgigx2loq4ZcJpICECm/Om3V314BxdzypO0u5PORKGMM6x0OXaljV1YFg==

"@types/lodash@^4.14.117":
  version "4.14.168"
  resolved "https://registry.npmjs.org/@types/lodash/-/lodash-4.14.168.tgz"
  integrity sha512-oVfRvqHV/V6D1yifJbVRU3TMp8OT6o6BG+U9MkwuJ3U8/CsDHvalRpsxBqivn71ztOFZBTfJMvETbqHiaNSj7Q==

"@types/prop-types@*", "@types/prop-types@^15.7.3":
  version "15.7.3"
  resolved "https://registry.npmjs.org/@types/prop-types/-/prop-types-15.7.3.tgz"
  integrity sha512-KfRL3PuHmqQLOG+2tGpRO26Ctg+Cq1E01D2DMriKEATHgWLfeNDmq9e29Q9WIky0dQ3NPkd1mzYH8Lm936Z9qw==

"@types/react-transition-group@^4.2.0", "@types/react-transition-group@^4.4.1":
  version "4.4.1"
  resolved "https://registry.npmjs.org/@types/react-transition-group/-/react-transition-group-4.4.1.tgz"
  integrity sha512-vIo69qKKcYoJ8wKCJjwSgCTM+z3chw3g18dkrDfVX665tMH7tmbDxEAnPdey4gTlwZz5QuHGzd+hul0OVZDqqQ==
  dependencies:
    "@types/react" "*"

"@types/react@*", "@types/react@>=16.9.11", "@types/react@>=16.9.35":
  version "17.0.4"
  resolved "https://registry.npmjs.org/@types/react/-/react-17.0.4.tgz"
  integrity sha512-onz2BqScSFMoTRdJUZUDD/7xrusM8hBA2Fktk2qgaTYPCgPvWnDEgkrOs8hhPUf2jfcIXkJ5yK6VfYormJS3Jw==
  dependencies:
    "@types/prop-types" "*"
    "@types/scheduler" "*"
    csstype "^3.0.2"

"@types/scheduler@*":
  version "0.16.1"
  resolved "https://registry.npmjs.org/@types/scheduler/-/scheduler-0.16.1.tgz"
  integrity sha512-EaCxbanVeyxDRTQBkdLb3Bvl/HK7PBK6UJjsSixB0iHKoWxE5uu2Q/DgtpOhPIojN0Zl1whvOd7PoHs2P0s5eA==

"@types/warning@^3.0.0":
  version "3.0.0"
  resolved "https://registry.npmjs.org/@types/warning/-/warning-3.0.0.tgz"
  integrity sha1-DSUBJorY+ZYrdA04fEZU9fjiPlI=

aphrodite@^0.5.0:
  version "0.5.0"
  resolved "https://registry.npmjs.org/aphrodite/-/aphrodite-0.5.0.tgz"
  integrity sha1-pLmokCZiOV0nAucKx6K0ymbyVwM=
  dependencies:
    asap "^2.0.3"
    inline-style-prefixer "^2.0.0"

asap@^2.0.3:
  version "2.0.6"
  resolved "https://registry.npmjs.org/asap/-/asap-2.0.6.tgz"
  integrity sha1-5QNHYR1+aQlDIIu9r+vLwvuGbUY=

bootstrap@^4.6.0:
  version "4.6.0"
  resolved "https://registry.npmjs.org/bootstrap/-/bootstrap-4.6.0.tgz"
  integrity sha512-Io55IuQY3kydzHtbGvQya3H+KorS/M9rSNyfCGCg9WZ4pyT/lCxIlpJgG1GXW/PswzC84Tr2fBYi+7+jFVQQBw==

bowser@^1.0.0:
  version "1.9.4"
  resolved "https://registry.npmjs.org/bowser/-/bowser-1.9.4.tgz"
  integrity sha512-9IdMmj2KjigRq6oWhmwv1W36pDuA4STQZ8q6YO9um+x07xgYNCD3Oou+WP/3L1HNz7iqythGet3/p4wvc8AAwQ==

call-bind@^1.0.0, call-bind@^1.0.2:
  version "1.0.2"
  resolved "https://registry.npmjs.org/call-bind/-/call-bind-1.0.2.tgz"
  integrity sha512-7O+FbCihrB5WGbFYesctwmTKae6rOiIzmz1icreWJ+0aA7LJfuqhEso2T9ncpcFtzMQtzXf2QGGueWJGTYsqrA==
  dependencies:
    function-bind "^1.1.1"
    get-intrinsic "^1.0.2"

charenc@0.0.2:
  version "0.0.2"
  resolved "https://registry.npmjs.org/charenc/-/charenc-0.0.2.tgz"
  integrity sha1-wKHS86cJLgN3S/qD8UwPxXkKhmc=

classnames@*, classnames@^2.2.6:
  version "2.3.1"
  resolved "https://registry.npmjs.org/classnames/-/classnames-2.3.1.tgz"
  integrity sha512-OlQdbZ7gLfGarSqxesMesDa5uz7KFbID8Kpq/SxIoNGDqY8lSYs0D+hhtBXhcdB3rcbXArFr7vlHheLk1voeNA==

clsx@^1.0.4, clsx@^1.1.1:
  version "1.1.1"
  resolved "https://registry.npmjs.org/clsx/-/clsx-1.1.1.tgz"
  integrity sha512-6/bPho624p3S2pMyvP5kKBPXnI3ufHLObBFCfgx+LkeR5lg2XYy2hqZqUf45ypD8COn2bhgGJSUE+l5dhNBieA==

crypt@0.0.2:
  version "0.0.2"
  resolved "https://registry.npmjs.org/crypt/-/crypt-0.0.2.tgz"
  integrity sha1-iNf/fsDfuG9xPch7u0LQRNPmxBs=

css-vendor@^2.0.8:
  version "2.0.8"
  resolved "https://registry.npmjs.org/css-vendor/-/css-vendor-2.0.8.tgz"
  integrity sha512-x9Aq0XTInxrkuFeHKbYC7zWY8ai7qJ04Kxd9MnvbC1uO5DagxoHQjm4JvG+vCdXOoFtCjbL2XSZfxmoYa9uQVQ==
  dependencies:
    "@babel/runtime" "^7.8.3"
    is-in-browser "^1.0.2"

csstype@^2.5.2:
  version "2.6.17"
  resolved "https://registry.npmjs.org/csstype/-/csstype-2.6.17.tgz"
  integrity sha512-u1wmTI1jJGzCJzWndZo8mk4wnPTZd1eOIYTYvuEyOQGfmDl3TrabCCfKnOC86FZwW/9djqTl933UF/cS425i9A==

csstype@^3.0.2:
  version "3.0.8"
  resolved "https://registry.npmjs.org/csstype/-/csstype-3.0.8.tgz"
  integrity sha512-jXKhWqXPmlUeoQnF/EhTtTl4C9SnrxSH/jZUih3jmO6lBKr99rP3/+FmrMj4EFpOXzMtXHAZkd3x0E6h6Fgflw==

date-fns@^2.0.1:
  version "2.21.1"
  resolved "https://registry.yarnpkg.com/date-fns/-/date-fns-2.21.1.tgz#679a4ccaa584c0706ea70b3fa92262ac3009d2b0"
  integrity sha512-m1WR0xGiC6j6jNFAyW4Nvh4WxAi4JF4w9jRJwSI8nBmNcyZXPcP9VUQG+6gHQXAmqaGEKDKhOqAtENDC941UkA==

deep-equal@^1.1.1:
  version "1.1.1"
  resolved "https://registry.yarnpkg.com/deep-equal/-/deep-equal-1.1.1.tgz#b5c98c942ceffaf7cb051e24e1434a25a2e6076a"
  integrity sha512-yd9c5AdiqVcR+JjcwUQb9DkhJc8ngNr0MahEBGvDiJw8puWab2yZlh+nkasOnZP+EGTAP6rRp2JzJhJZzvNF8g==
  dependencies:
    is-arguments "^1.0.4"
    is-date-object "^1.0.1"
    is-regex "^1.0.4"
    object-is "^1.0.1"
    object-keys "^1.1.1"
    regexp.prototype.flags "^1.2.0"

define-properties@^1.1.3:
  version "1.1.3"
  resolved "https://registry.npmjs.org/define-properties/-/define-properties-1.1.3.tgz"
  integrity sha512-3MqfYKj2lLzdMSf8ZIZE/V+Zuy+BgD6f164e8K2w7dgnpKArBDerGYpM46IYYcjnkdPNMjPk9A6VFB8+3SKlXQ==
  dependencies:
    object-keys "^1.0.12"

dom-helpers@^3.4.0:
  version "3.4.0"
  resolved "https://registry.npmjs.org/dom-helpers/-/dom-helpers-3.4.0.tgz"
  integrity sha512-LnuPJ+dwqKDIyotW1VzmOZ5TONUN7CwkCR5hrgawTUbkBGYdeoNLZo6nNfGkCrjtE1nXXaj7iMMpDa8/d9WoIA==
  dependencies:
    "@babel/runtime" "^7.1.2"

dom-helpers@^5.0.1, dom-helpers@^5.1.2, dom-helpers@^5.2.0:
  version "5.2.1"
  resolved "https://registry.npmjs.org/dom-helpers/-/dom-helpers-5.2.1.tgz"
  integrity sha512-nRCa7CK3VTrM2NmGkIy4cbK7IZlgBE/PYMn55rrXefr5xXDP0LdtfPnblFDoVdcAfslJ7or6iqAUnx0CCGIWQA==
  dependencies:
    "@babel/runtime" "^7.8.7"
    csstype "^3.0.2"

exenv@^1.2.2:
  version "1.2.2"
  resolved "https://registry.npmjs.org/exenv/-/exenv-1.2.2.tgz"
  integrity sha1-KueOhdmJQVhnCwPUe+wfA72Ru50=

function-bind@^1.1.1:
  version "1.1.1"
  resolved "https://registry.npmjs.org/function-bind/-/function-bind-1.1.1.tgz"
  integrity sha512-yIovAzMX49sF8Yl58fSCWJ5svSLuaibPxXQJFLmBObTuCr0Mf1KiPopGM9NiFjiYBCbfaa2Fh6breQ6ANVTI0A==

get-intrinsic@^1.0.2:
  version "1.1.1"
  resolved "https://registry.npmjs.org/get-intrinsic/-/get-intrinsic-1.1.1.tgz"
  integrity sha512-kWZrnVM42QCiEA2Ig1bG8zjoIMOgxWwYCEeNdwY6Tv/cOSeGpcoX4pXHfKUxNKVoArnrEr2e9srnAxxGIraS9Q==
  dependencies:
    function-bind "^1.1.1"
    has "^1.0.3"
    has-symbols "^1.0.1"

get-node-dimensions@^1.2.1:
  version "1.2.1"
  resolved "https://registry.npmjs.org/get-node-dimensions/-/get-node-dimensions-1.2.1.tgz"
  integrity sha512-2MSPMu7S1iOTL+BOa6K1S62hB2zUAYNF/lV0gSVlOaacd087lc6nR1H1r0e3B1CerTo+RceOmi1iJW+vp21xcQ==

get-them-args@1.3.2:
  version "1.3.2"
  resolved "https://registry.npmjs.org/get-them-args/-/get-them-args-1.3.2.tgz"
  integrity sha1-dKILqKSr7OWuGZrQPyvMaP38m6U=

gud@^1.0.0:
  version "1.0.0"
  resolved "https://registry.yarnpkg.com/gud/-/gud-1.0.0.tgz#a489581b17e6a70beca9abe3ae57de7a499852c0"
  integrity sha512-zGEOVKFM5sVPPrYs7J5/hYEw2Pof8KCyOwyhG8sAF26mCAeUFAcYPu1mwB7hhpIP29zOIBaDqwuHdLp0jvZXjw==

has-symbols@^1.0.1:
  version "1.0.2"
  resolved "https://registry.npmjs.org/has-symbols/-/has-symbols-1.0.2.tgz"
  integrity sha512-chXa79rL/UC2KlX17jo3vRGz0azaWEx5tGqZg5pO3NUyEJVB17dMruQlzCCOfUvElghKcm5194+BCRvi2Rv/Gw==

has@^1.0.3:
  version "1.0.3"
  resolved "https://registry.npmjs.org/has/-/has-1.0.3.tgz"
  integrity sha512-f2dvO0VU6Oej7RkWJGrehjbzMAjFp5/VKPp5tTpWIV4JHHZK1/BxbFRtf/siA2SWTe09caDmVtYYzWEIbBS4zw==
  dependencies:
    function-bind "^1.1.1"

hoist-non-react-statics@^3.3.2:
  version "3.3.2"
  resolved "https://registry.npmjs.org/hoist-non-react-statics/-/hoist-non-react-statics-3.3.2.tgz"
  integrity sha512-/gGivxi8JPKWNm/W0jSmzcMPpfpPLc3dY/6GxhX2hQ9iGj3aDfklV4ET7NjKpSinLpJ5vafa9iiGIEZg10SfBw==
  dependencies:
    react-is "^16.7.0"

hyphenate-style-name@^1.0.1, hyphenate-style-name@^1.0.3:
  version "1.0.4"
  resolved "https://registry.npmjs.org/hyphenate-style-name/-/hyphenate-style-name-1.0.4.tgz"
  integrity sha512-ygGZLjmXfPHj+ZWh6LwbC37l43MhfztxetbFCoYTM2VjkIUpeHgSNn7QIyVFj7YQ1Wl9Cbw5sholVJPzWvC2MQ==

indefinite-observable@^2.0.1:
  version "2.0.1"
  resolved "https://registry.npmjs.org/indefinite-observable/-/indefinite-observable-2.0.1.tgz"
  integrity sha512-G8vgmork+6H9S8lUAg1gtXEj2JxIQTo0g2PbFiYOdjkziSI0F7UYBiVwhZRuixhBCNGczAls34+5HJPyZysvxQ==
  dependencies:
    symbol-observable "1.2.0"

inline-style-prefixer@^2.0.0:
  version "2.0.5"
  resolved "https://registry.npmjs.org/inline-style-prefixer/-/inline-style-prefixer-2.0.5.tgz"
  integrity sha1-wVPH6I/YT+9cYC6VqBaLJ3BnH+c=
  dependencies:
    bowser "^1.0.0"
    hyphenate-style-name "^1.0.1"

invariant@^2.2.4:
  version "2.2.4"
  resolved "https://registry.npmjs.org/invariant/-/invariant-2.2.4.tgz"
  integrity sha512-phJfQVBuaJM5raOpJjSfkiD6BpbCE4Ns//LaXl6wGYtUBY83nWS6Rf9tXm2e8VaK60JEjYldbPif/A2B1C2gNA==
  dependencies:
    loose-envify "^1.0.0"

is-arguments@^1.0.4:
  version "1.1.0"
  resolved "https://registry.yarnpkg.com/is-arguments/-/is-arguments-1.1.0.tgz#62353031dfbee07ceb34656a6bde59efecae8dd9"
  integrity sha512-1Ij4lOMPl/xB5kBDn7I+b2ttPMKa8szhEIrXDuXQD/oe3HJLTLhqhgGspwgyGd6MOywBUqVvYicF72lkgDnIHg==
  dependencies:
    call-bind "^1.0.0"

is-buffer@~1.1.6:
  version "1.1.6"
  resolved "https://registry.npmjs.org/is-buffer/-/is-buffer-1.1.6.tgz"
  integrity sha512-NcdALwpXkTm5Zvvbk7owOUSvVvBKDgKP5/ewfXEznmQFfs4ZRmanOeKBTjRVjka3QFoN6XJ+9F3USqfHqTaU5w==

is-date-object@^1.0.1:
  version "1.0.2"
  resolved "https://registry.yarnpkg.com/is-date-object/-/is-date-object-1.0.2.tgz#bda736f2cd8fd06d32844e7743bfa7494c3bfd7e"
  integrity sha512-USlDT524woQ08aoZFzh3/Z6ch9Y/EWXEHQ/AaRN0SkKq4t2Jw2R2339tSXmwuVoY7LLlBCbOIlx2myP/L5zk0g==

is-in-browser@^1.0.2, is-in-browser@^1.1.3:
  version "1.1.3"
  resolved "https://registry.npmjs.org/is-in-browser/-/is-in-browser-1.1.3.tgz"
  integrity sha1-Vv9NtoOgeMYILrldrX3GLh0E+DU=

is-regex@^1.0.4:
  version "1.1.2"
  resolved "https://registry.yarnpkg.com/is-regex/-/is-regex-1.1.2.tgz#81c8ebde4db142f2cf1c53fc86d6a45788266251"
  integrity sha512-axvdhb5pdhEVThqJzYXwMlVuZwC+FF2DpcOhTS+y/8jVq4trxyPgfcwIxIKiyeuLlSQYKkmUaPQJ8ZE4yNKXDg==
  dependencies:
    call-bind "^1.0.2"
    has-symbols "^1.0.1"

jquery@x.*:
  version "3.6.0"
  resolved "https://registry.npmjs.org/jquery/-/jquery-3.6.0.tgz"
  integrity sha512-JVzAR/AjBvVt2BmYhxRCSYysDsPcssdmTFnzyLEts9qNwmjmu4JTAMYubEfwVOSwpQ1I1sKKFcxhZCI2buerfw==

js-base64@~2.6.0:
  version "2.6.4"
  resolved "https://registry.npmjs.org/js-base64/-/js-base64-2.6.4.tgz"
  integrity sha512-pZe//GGmwJndub7ZghVHz7vjb2LgC1m8B07Au3eYqeqv9emhESByMXxaEgkUkEqJe87oBbSniGYoQNIBklc7IQ==

"js-tokens@^3.0.0 || ^4.0.0":
  version "4.0.0"
  resolved "https://registry.npmjs.org/js-tokens/-/js-tokens-4.0.0.tgz"
  integrity sha512-RdJUflcE3cUzKiMqQgsCu06FPu9UdIJO0beYbPhHN4k6apgJtifcoCtT9bcxOpYBtpD2kCM6Sbzg4CausW/PKQ==

jss-plugin-camel-case@^10.5.1:
  version "10.6.0"
  resolved "https://registry.npmjs.org/jss-plugin-camel-case/-/jss-plugin-camel-case-10.6.0.tgz"
  integrity sha512-JdLpA3aI/npwj3nDMKk308pvnhoSzkW3PXlbgHAzfx0yHWnPPVUjPhXFtLJzgKZge8lsfkUxvYSQ3X2OYIFU6A==
  dependencies:
    "@babel/runtime" "^7.3.1"
    hyphenate-style-name "^1.0.3"
    jss "10.6.0"

jss-plugin-default-unit@^10.5.1:
  version "10.6.0"
  resolved "https://registry.npmjs.org/jss-plugin-default-unit/-/jss-plugin-default-unit-10.6.0.tgz"
  integrity sha512-7y4cAScMHAxvslBK2JRK37ES9UT0YfTIXWgzUWD5euvR+JR3q+o8sQKzBw7GmkQRfZijrRJKNTiSt1PBsLI9/w==
  dependencies:
    "@babel/runtime" "^7.3.1"
    jss "10.6.0"

jss-plugin-global@^10.5.1:
  version "10.6.0"
  resolved "https://registry.npmjs.org/jss-plugin-global/-/jss-plugin-global-10.6.0.tgz"
  integrity sha512-I3w7ji/UXPi3VuWrTCbHG9rVCgB4yoBQLehGDTmsnDfXQb3r1l3WIdcO8JFp9m0YMmyy2CU7UOV6oPI7/Tmu+w==
  dependencies:
    "@babel/runtime" "^7.3.1"
    jss "10.6.0"

jss-plugin-nested@^10.5.1:
  version "10.6.0"
  resolved "https://registry.npmjs.org/jss-plugin-nested/-/jss-plugin-nested-10.6.0.tgz"
  integrity sha512-fOFQWgd98H89E6aJSNkEh2fAXquC9aZcAVjSw4q4RoQ9gU++emg18encR4AT4OOIFl4lQwt5nEyBBRn9V1Rk8g==
  dependencies:
    "@babel/runtime" "^7.3.1"
    jss "10.6.0"
    tiny-warning "^1.0.2"

jss-plugin-props-sort@^10.5.1:
  version "10.6.0"
  resolved "https://registry.npmjs.org/jss-plugin-props-sort/-/jss-plugin-props-sort-10.6.0.tgz"
  integrity sha512-oMCe7hgho2FllNc60d9VAfdtMrZPo9n1Iu6RNa+3p9n0Bkvnv/XX5San8fTPujrTBScPqv9mOE0nWVvIaohNuw==
  dependencies:
    "@babel/runtime" "^7.3.1"
    jss "10.6.0"

jss-plugin-rule-value-function@^10.5.1:
  version "10.6.0"
  resolved "https://registry.npmjs.org/jss-plugin-rule-value-function/-/jss-plugin-rule-value-function-10.6.0.tgz"
  integrity sha512-TKFqhRTDHN1QrPTMYRlIQUOC2FFQb271+AbnetURKlGvRl/eWLswcgHQajwuxI464uZk91sPiTtdGi7r7XaWfA==
  dependencies:
    "@babel/runtime" "^7.3.1"
    jss "10.6.0"
    tiny-warning "^1.0.2"

jss-plugin-vendor-prefixer@^10.5.1:
  version "10.6.0"
  resolved "https://registry.npmjs.org/jss-plugin-vendor-prefixer/-/jss-plugin-vendor-prefixer-10.6.0.tgz"
  integrity sha512-doJ7MouBXT1lypLLctCwb4nJ6lDYqrTfVS3LtXgox42Xz0gXusXIIDboeh6UwnSmox90QpVnub7au8ybrb0krQ==
  dependencies:
    "@babel/runtime" "^7.3.1"
    css-vendor "^2.0.8"
    jss "10.6.0"

jss@10.6.0, jss@^10.5.1:
  version "10.6.0"
  resolved "https://registry.npmjs.org/jss/-/jss-10.6.0.tgz"
  integrity sha512-n7SHdCozmxnzYGXBHe0NsO0eUf9TvsHVq2MXvi4JmTn3x5raynodDVE/9VQmBdWFyyj9HpHZ2B4xNZ7MMy7lkw==
  dependencies:
    "@babel/runtime" "^7.3.1"
    csstype "^3.0.2"
    indefinite-observable "^2.0.1"
    is-in-browser "^1.1.3"
    tiny-warning "^1.0.2"

keyboard-key@^1.1.0:
  version "1.1.0"
  resolved "https://registry.npmjs.org/keyboard-key/-/keyboard-key-1.1.0.tgz"
  integrity sha512-qkBzPTi3rlAKvX7k0/ub44sqOfXeLc/jcnGGmj5c7BJpU8eDrEVPyhCvNYAaoubbsLm9uGWwQJO1ytQK1a9/dQ==

kill-port@^1.6.1:
  version "1.6.1"
  resolved "https://registry.npmjs.org/kill-port/-/kill-port-1.6.1.tgz"
  integrity sha512-un0Y55cOM7JKGaLnGja28T38tDDop0AQ8N0KlAdyh+B1nmMoX8AnNmqPNZbS3mUMgiST51DCVqmbFT1gNJpVNw==
  dependencies:
    get-them-args "1.3.2"
    shell-exec "1.0.2"

lodash-es@^4.17.15, lodash-es@^4.17.20:
  version "4.17.21"
  resolved "https://registry.npmjs.org/lodash-es/-/lodash-es-4.17.21.tgz"
  integrity sha512-mKnC+QJ9pWVzv+C4/U3rRsHapFfHvQFoFB92e52xeyGMcX6/OlIl78je1u8vePzYZSkkogMPJ2yjxxsb89cxyw==

lodash.throttle@^4.1.1:
  version "4.1.1"
  resolved "https://registry.npmjs.org/lodash.throttle/-/lodash.throttle-4.1.1.tgz"
  integrity sha1-wj6RtxAkKscMN/HhzaknTMOb8vQ=

lodash@^4.17.11, lodash@^4.17.19, lodash@^4.17.20, lodash@^4.17.21:
  version "4.17.21"
  resolved "https://registry.npmjs.org/lodash/-/lodash-4.17.21.tgz"
  integrity sha512-v2kDEe57lecTulaDIuNTPy3Ry4gLGJ6Z1O3vE1krgXZNrsQ+LFTGHVxVjcXPs17LhbZVGedAJv8XZ1tvj5FvSg==

loose-envify@^1.0.0, loose-envify@^1.4.0:
  version "1.4.0"
  resolved "https://registry.npmjs.org/loose-envify/-/loose-envify-1.4.0.tgz"
  integrity sha512-lyuxPGr/Wfhrlem2CL/UcnUc1zcqKAImBDzukY7Y5F/yQiNdko6+fRLevlw1HgMySw7f611UIY408EtxRSoK3Q==
  dependencies:
    js-tokens "^3.0.0 || ^4.0.0"

md5@^2.2.1:
  version "2.3.0"
  resolved "https://registry.npmjs.org/md5/-/md5-2.3.0.tgz"
  integrity sha512-T1GITYmFaKuO91vxyoQMFETst+O71VUPEU3ze5GNzDm0OWdP8v1ziTaAEPUr/3kLsY3Sftgz242A1SetQiDL7g==
  dependencies:
    charenc "0.0.2"
    crypt "0.0.2"
    is-buffer "~1.1.6"

object-assign@^4.1.1:
  version "4.1.1"
  resolved "https://registry.npmjs.org/object-assign/-/object-assign-4.1.1.tgz"
  integrity sha1-IQmtx5ZYh8/AXLvUQsrIv7s2CGM=

object-is@^1.0.1:
  version "1.1.5"
  resolved "https://registry.yarnpkg.com/object-is/-/object-is-1.1.5.tgz#b9deeaa5fc7f1846a0faecdceec138e5778f53ac"
  integrity sha512-3cyDsyHgtmi7I7DfSSI2LDp6SK2lwvtbg0p0R1e0RvTqF5ceGx+K2dfSjm1bKDMVCFEDAQvy+o8c6a7VujOddw==
  dependencies:
    call-bind "^1.0.2"
    define-properties "^1.1.3"

object-keys@^1.0.12, object-keys@^1.1.1:
  version "1.1.1"
  resolved "https://registry.npmjs.org/object-keys/-/object-keys-1.1.1.tgz"
  integrity sha512-NuAESUOUMrlIXOfHKzD6bpPu3tYt3xvjNdRIQ+FeT0lNb4K8WR70CaDxhuNguS2XG+GjkyMwOzsN5ZktImfhLA==

popper.js@1.16.1-lts:
  version "1.16.1-lts"
  resolved "https://registry.npmjs.org/popper.js/-/popper.js-1.16.1-lts.tgz"
  integrity sha512-Kjw8nKRl1m+VrSFCoVGPph93W/qrSO7ZkqPpTf7F4bk/sqcfWK019dWBUpE/fBOsOQY1dks/Bmcbfn1heM/IsA==

popper.js@^1.14.4:
  version "1.16.1"
  resolved "https://registry.yarnpkg.com/popper.js/-/popper.js-1.16.1.tgz#2a223cb3dc7b6213d740e40372be40de43e65b1b"
  integrity sha512-Wb4p1J4zyFTbM+u6WuO4XstYx4Ky9Cewe4DWrel7B0w6VVICvPwdOpotjzcf6eD8TsckVnIMNONQyPIUFOUbCQ==

prop-types-extra@^1.1.0:
  version "1.1.1"
  resolved "https://registry.npmjs.org/prop-types-extra/-/prop-types-extra-1.1.1.tgz"
  integrity sha512-59+AHNnHYCdiC+vMwY52WmvP5dM3QLeoumYuEyceQDi9aEhtwN9zIQ2ZNo25sMyXnbh32h+P1ezDsUpUH3JAew==
  dependencies:
    react-is "^16.3.2"
    warning "^4.0.0"

prop-types@^15.5.10, prop-types@^15.5.8, prop-types@^15.5.9, prop-types@^15.6.0, prop-types@^15.6.1, prop-types@^15.6.2, prop-types@^15.7.2:
  version "15.7.2"
  resolved "https://registry.npmjs.org/prop-types/-/prop-types-15.7.2.tgz"
  integrity sha512-8QQikdH7//R2vurIJSutZ1smHYTcLpRWEOlHnzcWHmBYrOGUysKwSsrC89BCiFj3CbrfJ/nXFdJepOVrY1GCHQ==
  dependencies:
    loose-envify "^1.4.0"
    object-assign "^4.1.1"
    react-is "^16.8.1"

rafz@^0.1.14:
  version "0.1.14"
  resolved "https://registry.npmjs.org/rafz/-/rafz-0.1.14.tgz"
  integrity sha512-YiQkedSt1urYtYbvHhTQR3l67M8SZbUvga5eJFM/v4vx/GmDdtXlE2hjJIyRjhhO/PjcdGC+CXCYOUA4onit8w==

react-animate-on-scroll@^2.1.5:
  version "2.1.5"
  resolved "https://registry.npmjs.org/react-animate-on-scroll/-/react-animate-on-scroll-2.1.5.tgz"
  integrity sha1-w1/1sZRSsjJwx6QjKbjcOR8nMCA=
  dependencies:
    lodash.throttle "^4.1.1"
    prop-types "^15.5.9"

react-bootstrap@^1.5.2:
  version "1.5.2"
  resolved "https://registry.npmjs.org/react-bootstrap/-/react-bootstrap-1.5.2.tgz"
  integrity sha512-mGKPY5+lLd7Vtkx2VFivoRkPT4xAHazuFfIhJLTEgHlDfIUSePn7qrmpZe5gXH9zvHV0RsBaQ9cLfXjxnZrOpA==
  dependencies:
    "@babel/runtime" "^7.13.8"
    "@restart/context" "^2.1.4"
    "@restart/hooks" "^0.3.26"
    "@types/classnames" "^2.2.10"
    "@types/invariant" "^2.2.33"
    "@types/prop-types" "^15.7.3"
    "@types/react" ">=16.9.35"
    "@types/react-transition-group" "^4.4.1"
    "@types/warning" "^3.0.0"
    classnames "^2.2.6"
    dom-helpers "^5.1.2"
    invariant "^2.2.4"
    prop-types "^15.7.2"
    prop-types-extra "^1.1.0"
    react-overlays "^5.0.0"
    react-transition-group "^4.4.1"
    uncontrollable "^7.2.1"
    warning "^4.0.3"

react-datepicker@^3.8.0:
  version "3.8.0"
  resolved "https://registry.yarnpkg.com/react-datepicker/-/react-datepicker-3.8.0.tgz#c3bccd3e3f47aa66864a2fa75651be097414430b"
  integrity sha512-iFVNEp8DJoX5yEvEiciM7sJKmLGrvE70U38KhpG13XrulNSijeHw1RZkhd/0UmuXR71dcZB/kdfjiidifstZjw==
  dependencies:
    classnames "^2.2.6"
    date-fns "^2.0.1"
    prop-types "^15.7.2"
    react-onclickoutside "^6.10.0"
    react-popper "^1.3.8"

react-fast-compare@^3.0.1:
  version "3.2.0"
  resolved "https://registry.npmjs.org/react-fast-compare/-/react-fast-compare-3.2.0.tgz"
  integrity sha512-rtGImPZ0YyLrscKI9xTpV8psd6I8VAtjKCzQDlzyDvqJA8XOW78TXYQwNRNd8g8JZnDu8q9Fu/1v4HPAVwVdHA==

react-grid-gallery@^0.5.5:
  version "0.5.5"
  resolved "https://registry.npmjs.org/react-grid-gallery/-/react-grid-gallery-0.5.5.tgz"
  integrity sha512-DkKg2/Am+VZPDG39fazelTcsZSQrfM/YllnIcWToyUEfOZcrzHxUoqCziCkuTPmCuMbHnrjidBFuDbAFgvSnvQ==
  dependencies:
    prop-types "^15.5.8"
    react-images "^0.5.16"

react-images@^0.5.16:
  version "0.5.19"
  resolved "https://registry.npmjs.org/react-images/-/react-images-0.5.19.tgz"
  integrity sha512-B3d4W1uFJj+m17K8S65iAyEJShKGBjPk7n7N1YsPiAydEm8mIq9a6CoeQFMY1d7N2QMs6FBCjT9vELyc5jP5JA==
  dependencies:
    aphrodite "^0.5.0"
    prop-types "^15.6.0"
    react-scrolllock "^2.0.1"
    react-transition-group "2"

react-imgix@^9.0.3:
  version "9.1.1"
  resolved "https://registry.npmjs.org/react-imgix/-/react-imgix-9.1.1.tgz"
  integrity sha512-WeUjRGv5jriItS0Fy/z3KoYUcOjMfiY8xJBVR8di4xjpIXXxl/s/qnqCqdl6N6c0LgxDaF+CJoA1HR5DNBxQJA==
  dependencies:
    "@imgix/js-core" "^3.1.3"
    react-measure "^2.3.0"
    shallowequal "^1.1.0"
    warning "^4.0.1"

react-is@^16.3.2, react-is@^16.6.3, react-is@^16.7.0, "react-is@^16.8.0 || ^17.0.0", react-is@^16.8.1, "react-is@^16.8.6 || ^17.0.0":
  version "16.13.1"
  resolved "https://registry.npmjs.org/react-is/-/react-is-16.13.1.tgz"
  integrity sha512-24e6ynE2H+OKt4kqsOvNd8kBpV65zoxbA4BVsEOB3ARVWQki/DHzaUoC5KuON/BiccDaCCTZBuOcfZs70kR8bQ==

react-justified-grid@^1.0.0:
  version "1.0.0"
  resolved "https://registry.npmjs.org/react-justified-grid/-/react-justified-grid-1.0.0.tgz"
  integrity sha512-QDP86ynUD8izlh+oEiWk5mQDwSay2IKS91GN+x5F5Aeh31qMMwGcqfdf+u2Gkp218ZC7VS43AxpxjWCBbpJesw==
  dependencies:
    "@types/lodash" "^4.14.117"
    lodash "^4.17.11"

react-lifecycles-compat@^3.0.4:
  version "3.0.4"
  resolved "https://registry.npmjs.org/react-lifecycles-compat/-/react-lifecycles-compat-3.0.4.tgz"
  integrity sha512-fBASbA6LnOU9dOU2eW7aQ8xmYBSXUIWr+UmF9b1efZBazGNO+rcXT/icdKnYm2pTwcRylVUYwW7H1PHfLekVzA==

react-measure@^2.3.0:
  version "2.5.2"
  resolved "https://registry.npmjs.org/react-measure/-/react-measure-2.5.2.tgz"
  integrity sha512-M+rpbTLWJ3FD6FXvYV6YEGvQ5tMayQ3fGrZhRPHrE9bVlBYfDCLuDcgNttYfk8IqfOI03jz6cbpqMRTUclQnaA==
  dependencies:
    "@babel/runtime" "^7.2.0"
    get-node-dimensions "^1.2.1"
    prop-types "^15.6.2"
    resize-observer-polyfill "^1.5.0"

react-onclickoutside@^6.10.0:
  version "6.10.0"
  resolved "https://registry.yarnpkg.com/react-onclickoutside/-/react-onclickoutside-6.10.0.tgz#05abb592575b08b4d129003494056b9dff46eeeb"
  integrity sha512-7i2L3ef+0ILXpL6P+Hg304eCQswh4jl3ynwR71BSlMU49PE2uk31k8B2GkP6yE9s2D4jTGKnzuSpzWxu4YxfQQ==

react-overlays@^5.0.0:
  version "5.0.1"
  resolved "https://registry.npmjs.org/react-overlays/-/react-overlays-5.0.1.tgz"
  integrity sha512-plwUJieTBbLSrgvQ4OkkbTD/deXgxiJdNuKzo6n1RWE3OVnQIU5hffCGS/nvIuu6LpXFs2majbzaXY8rcUVdWA==
  dependencies:
    "@babel/runtime" "^7.13.8"
    "@popperjs/core" "^2.8.6"
    "@restart/hooks" "^0.3.26"
    "@types/warning" "^3.0.0"
    dom-helpers "^5.2.0"
    prop-types "^15.7.2"
    uncontrollable "^7.2.1"
    warning "^4.0.3"

react-popper@^1.3.8:
  version "1.3.11"
  resolved "https://registry.yarnpkg.com/react-popper/-/react-popper-1.3.11.tgz#a2cc3f0a67b75b66cfa62d2c409f9dd1fcc71ffd"
  integrity sha512-VSA/bS+pSndSF2fiasHK/PTEEAyOpX60+H5EPAjoArr8JGm+oihu4UbrqcEBpQibJxBVCpYyjAX7abJ+7DoYVg==
  dependencies:
    "@babel/runtime" "^7.1.2"
    "@hypnosphi/create-react-context" "^0.3.1"
    deep-equal "^1.1.1"
    popper.js "^1.14.4"
    prop-types "^15.6.1"
    typed-styles "^0.0.7"
    warning "^4.0.2"

react-popper@^2.2.4:
  version "2.2.5"
  resolved "https://registry.npmjs.org/react-popper/-/react-popper-2.2.5.tgz"
  integrity sha512-kxGkS80eQGtLl18+uig1UIf9MKixFSyPxglsgLBxlYnyDf65BiY9B3nZSc6C9XUNDgStROB0fMQlTEz1KxGddw==
  dependencies:
    react-fast-compare "^3.0.1"
    warning "^4.0.2"

react-prop-toggle@^1.0.2:
  version "1.0.2"
  resolved "https://registry.npmjs.org/react-prop-toggle/-/react-prop-toggle-1.0.2.tgz"
  integrity sha512-JmerjAXs7qJ959+d0Ygt7Cb2+4fG+n3I2VXO6JO0AcAY1vkRN/JpZKAN67CMXY889xEJcfylmMPhzvf6nWO68Q==

react-responsive-image-grid@^1.1.0:
  version "1.1.0"
  resolved "https://registry.npmjs.org/react-responsive-image-grid/-/react-responsive-image-grid-1.1.0.tgz"
  integrity sha512-0frjFYZ8alnHi4+xHusU37ByE5UUKQvOvOz3ER4b3DVxUoKkisnpRYhlYZeOxWQJ3YFhWdDRIPNiI4AHV8PL/w==
  dependencies:
    react-swipeable "^5.2.1"

react-responsive-masonry@^2.1.2:
  version "2.1.2"
  resolved "https://registry.npmjs.org/react-responsive-masonry/-/react-responsive-masonry-2.1.2.tgz"
  integrity sha512-Vd5XWx077VGL+Pnv4dxVA4rBl4Y5Y6snLqm29QFqHnEE8GNJtqUW96F6SgIcgWJoxfJC52Ifi5Oixz1PdeEpOA==

react-reveal@^1.2.2:
  version "1.2.2"
  resolved "https://registry.yarnpkg.com/react-reveal/-/react-reveal-1.2.2.tgz#f47fbc44debc4c185ae2163a215a9e822c7adfef"
  integrity sha512-JCv3fAoU6Z+Lcd8U48bwzm4pMZ79qsedSXYwpwt6lJNtj/v5nKJYZZbw3yhaQPPgYePo3Y0NOCoYOq/jcsisuw==
  dependencies:
    prop-types "^15.5.10"

react-scrolllock@^2.0.1:
  version "2.0.7"
  resolved "https://registry.npmjs.org/react-scrolllock/-/react-scrolllock-2.0.7.tgz"
  integrity sha512-Gzpu8+ulxdYcybAgJOFTXc70xs7SBZDQbZNpKzchZUgLCJKjz6lrgESx6LHHZgfELx1xYL4yHu3kYQGQPFas/g==
  dependencies:
    exenv "^1.2.2"
    react-prop-toggle "^1.0.2"

react-spring@^9.1.1:
  version "9.1.1"
  resolved "https://registry.npmjs.org/react-spring/-/react-spring-9.1.1.tgz"
  integrity sha512-gdRyLETB5183zCygEKXq5lNsNLSRXC8PZjEacB6CXC4gK7EErqsJBaC5vIHYc9/PMsi2XvUyTP17y8IhYHnKjg==
  dependencies:
    "@react-spring/core" "~9.1.1"
    "@react-spring/konva" "~9.1.1"
    "@react-spring/native" "~9.1.1"
    "@react-spring/three" "~9.1.1"
    "@react-spring/web" "~9.1.1"
    "@react-spring/zdog" "~9.1.1"

react-swipeable@^5.2.1:
  version "5.5.1"
  resolved "https://registry.npmjs.org/react-swipeable/-/react-swipeable-5.5.1.tgz"
  integrity sha512-EQObuU3Qg3JdX3WxOn5reZvOSCpU4fwpUAs+NlXSN3y+qtsO2r8VGkVnOQzmByt3BSYj9EWYdUOUfi7vaMdZZw==
  dependencies:
    prop-types "^15.6.2"

react-transition-group@2:
  version "2.9.0"
  resolved "https://registry.npmjs.org/react-transition-group/-/react-transition-group-2.9.0.tgz"
  integrity sha512-+HzNTCHpeQyl4MJ/bdE0u6XRMe9+XG/+aL4mCxVN4DnPBQ0/5bfHWPDuOZUzYdMj94daZaZdCCc1Dzt9R/xSSg==
  dependencies:
    dom-helpers "^3.4.0"
    loose-envify "^1.4.0"
    prop-types "^15.6.2"
    react-lifecycles-compat "^3.0.4"

react-transition-group@^4.4.0, react-transition-group@^4.4.1:
  version "4.4.1"
  resolved "https://registry.npmjs.org/react-transition-group/-/react-transition-group-4.4.1.tgz"
  integrity sha512-Djqr7OQ2aPUiYurhPalTrVy9ddmFCCzwhqQmtN+J3+3DzLO209Fdr70QrN8Z3DsglWql6iY1lDWAfpFiBtuKGw==
  dependencies:
    "@babel/runtime" "^7.5.5"
    dom-helpers "^5.0.1"
    loose-envify "^1.4.0"
    prop-types "^15.6.2"

regenerator-runtime@^0.13.4:
  version "0.13.7"
  resolved "https://registry.npmjs.org/regenerator-runtime/-/regenerator-runtime-0.13.7.tgz"
  integrity sha512-a54FxoJDIr27pgf7IgeQGxmqUNYrcV338lf/6gH456HZ/PhX+5BcwHXG9ajESmwe6WRO0tAzRUrRmNONWgkrew==

regexp.prototype.flags@^1.2.0:
  version "1.3.1"
  resolved "https://registry.yarnpkg.com/regexp.prototype.flags/-/regexp.prototype.flags-1.3.1.tgz#7ef352ae8d159e758c0eadca6f8fcb4eef07be26"
  integrity sha512-JiBdRBq91WlY7uRJ0ds7R+dU02i6LKi8r3BuQhNXn+kmeLN+EfHhfjqMRis1zJxnlu88hq/4dx0P2OP3APRTOA==
  dependencies:
    call-bind "^1.0.2"
    define-properties "^1.1.3"

resize-observer-polyfill@^1.5.0:
  version "1.5.1"
  resolved "https://registry.npmjs.org/resize-observer-polyfill/-/resize-observer-polyfill-1.5.1.tgz"
  integrity sha512-LwZrotdHOo12nQuZlHEmtuXdqGoOD0OhaxopaNFxWzInpEgaLWoVuAMbTzixuosCx2nEG58ngzW3vxdWoxIgdg==

semantic-ui-css@^2.4.1:
  version "2.4.1"
  resolved "https://registry.npmjs.org/semantic-ui-css/-/semantic-ui-css-2.4.1.tgz"
  integrity sha512-Pkp0p9oWOxlH0kODx7qFpIRYpK1T4WJOO4lNnpNPOoWKCrYsfHqYSKgk5fHfQtnWnsAKy7nLJMW02bgDWWFZFg==
  dependencies:
    jquery x.*

semantic-ui-react@^2.0.3:
  version "2.0.3"
  resolved "https://registry.npmjs.org/semantic-ui-react/-/semantic-ui-react-2.0.3.tgz"
  integrity sha512-a0hGN6XXw64sRSKwWqMCKSI/AGLohxNeWuErS39eswvBbUnLjBij8ZoEdiqDiz/PuWpwYIRjgmQVrut+7h3b2g==
  dependencies:
    "@babel/runtime" "^7.10.5"
    "@fluentui/react-component-event-listener" "~0.51.6"
    "@fluentui/react-component-ref" "~0.51.6"
    "@popperjs/core" "^2.6.0"
    "@semantic-ui-react/event-stack" "^3.1.2"
    clsx "^1.1.1"
    keyboard-key "^1.1.0"
    lodash "^4.17.19"
    lodash-es "^4.17.15"
    prop-types "^15.7.2"
    react-is "^16.8.6 || ^17.0.0"
    react-popper "^2.2.4"
    shallowequal "^1.1.0"

shallowequal@^1.1.0:
  version "1.1.0"
  resolved "https://registry.npmjs.org/shallowequal/-/shallowequal-1.1.0.tgz"
  integrity sha512-y0m1JoUZSlPAjXVtPPW70aZWfIL/dSP7AFkRnniLCrK/8MDKog3TySTBmckD+RObVxH0v4Tox67+F14PdED2oQ==

shell-exec@1.0.2:
  version "1.0.2"
  resolved "https://registry.npmjs.org/shell-exec/-/shell-exec-1.0.2.tgz"
  integrity sha512-jyVd+kU2X+mWKMmGhx4fpWbPsjvD53k9ivqetutVW/BQ+WIZoDoP4d8vUMGezV6saZsiNoW2f9GIhg9Dondohg==

symbol-observable@1.2.0:
  version "1.2.0"
  resolved "https://registry.npmjs.org/symbol-observable/-/symbol-observable-1.2.0.tgz"
  integrity sha512-e900nM8RRtGhlV36KGEU9k65K3mPb1WV70OdjfxlG2EAuM1noi/E/BaW/uMhL7bPEssK8QV57vN3esixjUvcXQ==

tiny-warning@^1.0.2:
  version "1.0.3"
  resolved "https://registry.npmjs.org/tiny-warning/-/tiny-warning-1.0.3.tgz"
  integrity sha512-lBN9zLN/oAf68o3zNXYrdCt1kP8WsiGW8Oo2ka41b2IM5JL/S1CTyX1rW0mb/zSuJun0ZUrDxx4sqvYS2FWzPA==

tslib@^2.1.0:
  version "2.2.0"
  resolved "https://registry.npmjs.org/tslib/-/tslib-2.2.0.tgz"
  integrity sha512-gS9GVHRU+RGn5KQM2rllAlR3dU6m7AcpJKdtH8gFvQiC4Otgk98XnmMU+nZenHt/+VhnBPWwgrJsyrdcw6i23w==

typed-styles@^0.0.7:
  version "0.0.7"
  resolved "https://registry.yarnpkg.com/typed-styles/-/typed-styles-0.0.7.tgz#93392a008794c4595119ff62dde6809dbc40a3d9"
  integrity sha512-pzP0PWoZUhsECYjABgCGQlRGL1n7tOHsgwYv3oIiEpJwGhFTuty/YNeduxQYzXXa3Ge5BdT6sHYIQYpl4uJ+5Q==

uncontrollable@^7.2.1:
  version "7.2.1"
  resolved "https://registry.npmjs.org/uncontrollable/-/uncontrollable-7.2.1.tgz"
  integrity sha512-svtcfoTADIB0nT9nltgjujTi7BzVmwjZClOmskKu/E8FW9BXzg9os8OLr4f8Dlnk0rYWJIWr4wv9eKUXiQvQwQ==
  dependencies:
    "@babel/runtime" "^7.6.3"
    "@types/react" ">=16.9.11"
    invariant "^2.2.4"
    react-lifecycles-compat "^3.0.4"

warning@^4.0.0, warning@^4.0.1, warning@^4.0.2, warning@^4.0.3:
  version "4.0.3"
  resolved "https://registry.npmjs.org/warning/-/warning-4.0.3.tgz"
  integrity sha512-rpJyN222KWIvHJ/F53XSZv0Zl/accqHR8et1kpaMTD/fLCRxtV8iX8czMzY7sVZupTI3zcUTg8eycS2kNF9l6w==
  dependencies:
    loose-envify "^1.0.0"
