# THIS IS AN AUTOGENERATED FILE. DO NOT EDIT THIS FILE DIRECTLY.
# yarn lockfile v1


"@babel/runtime@^7.1.2", "@babel/runtime@^7.2.0":
  version "7.13.10"
  resolved "https://registry.npmjs.org/@babel/runtime/-/runtime-7.13.10.tgz"
  integrity sha512-4QPkjJq6Ns3V/RgpEahRk+AGfL0eO6RHHtTWoNNr5mO49G6B5+X6d6THgWEAvTrznU5xYpbAlVKRYcsCgh/Akw==
  dependencies:
    regenerator-runtime "^0.13.4"

"@react-spring/animated@~9.1.1":
  version "9.1.1"
  resolved "https://registry.npmjs.org/@react-spring/animated/-/animated-9.1.1.tgz"
  integrity sha512-u8Assg5uySwqyoeb1f7eBAUSl8sleJTewdfhVi1EtcM9ngU2Snhcp6snF8NGxvf4gZp5z7v+Dfx3KdB2V8NnXQ==
  dependencies:
    "@react-spring/shared" "~9.1.1"
    "@react-spring/types" "~9.1.1"

"@react-spring/core@~9.1.1":
  version "9.1.1"
  resolved "https://registry.npmjs.org/@react-spring/core/-/core-9.1.1.tgz"
  integrity sha512-flHeLN56idxQ1YIpUYY1m3r2ZAM2xg7Zb/pHBFSCbnOKP7TtlhAAOfmrabERqaThmrqkFKiq9FjyF76d3OjE5g==
  dependencies:
    "@react-spring/animated" "~9.1.1"
    "@react-spring/shared" "~9.1.1"
    "@react-spring/types" "~9.1.1"

"@react-spring/konva@~9.1.1":
  version "9.1.1"
  resolved "https://registry.npmjs.org/@react-spring/konva/-/konva-9.1.1.tgz"
  integrity sha512-xD93j5gNYyNTspvtxZXIU91RIfAKdqHMCJ4m6pugFQyHpa3EYVFDIMkPx7l7sCngMH/9Ez5Irit7NDtp7rZ1Hw==
  dependencies:
    "@react-spring/animated" "~9.1.1"
    "@react-spring/core" "~9.1.1"
    "@react-spring/shared" "~9.1.1"
    "@react-spring/types" "~9.1.1"

"@react-spring/native@~9.1.1":
  version "9.1.1"
  resolved "https://registry.npmjs.org/@react-spring/native/-/native-9.1.1.tgz"
  integrity sha512-eDBB4rSCmsuqyhc15VtEOQmEebvnMdg4Nh/OTyAvfDVNQTXm9H1LwZpKi1enxq2kUhpyZ8jX3kHzz3DPy0+Dag==
  dependencies:
    "@react-spring/animated" "~9.1.1"
    "@react-spring/core" "~9.1.1"
    "@react-spring/shared" "~9.1.1"
    "@react-spring/types" "~9.1.1"

"@react-spring/shared@~9.1.1":
  version "9.1.1"
  resolved "https://registry.npmjs.org/@react-spring/shared/-/shared-9.1.1.tgz"
  integrity sha512-GA9A9l5JxC50eDTDPu5IDUMhQ4MiBrXd3ZdlI6/wUCgAsZ1wPx77sxaccomxlUomRet0IUcXCEKcL1Flax7ZMQ==
  dependencies:
    "@react-spring/types" "~9.1.1"
    rafz "^0.1.14"

"@react-spring/three@~9.1.1":
  version "9.1.1"
  resolved "https://registry.npmjs.org/@react-spring/three/-/three-9.1.1.tgz"
  integrity sha512-0CW41OHFkyx9laD/ZEkuHLXTq58c25ZFPTD+NyI2wHuhI1wyM0YGhlueNFXVpzkgpwj9dYnpdI7KxN7Cx0dnJg==
  dependencies:
    "@react-spring/animated" "~9.1.1"
    "@react-spring/core" "~9.1.1"
    "@react-spring/shared" "~9.1.1"
    "@react-spring/types" "~9.1.1"

"@react-spring/types@~9.1.1":
  version "9.1.1"
  resolved "https://registry.npmjs.org/@react-spring/types/-/types-9.1.1.tgz"
  integrity sha512-GaesYowey+nmDw/yhZ5jErEH2UaDl4jxax8aQtW5h3OpNu/QS8swoEn/jxQgffLb0n6gjsER7QyIx/dmZIWlyw==

"@react-spring/web@~9.1.1":
  version "9.1.1"
  resolved "https://registry.npmjs.org/@react-spring/web/-/web-9.1.1.tgz"
  integrity sha512-py4c/Agqz9Unf+Apame29XYTLqHnKXSwJA6Q44jcNtHRFMuRjIpCyhS13C1ZI5PcJT0g9b8CvtMQFiShne8wNQ==
  dependencies:
    "@react-spring/animated" "~9.1.1"
    "@react-spring/core" "~9.1.1"
    "@react-spring/shared" "~9.1.1"
    "@react-spring/types" "~9.1.1"

"@react-spring/zdog@~9.1.1":
  version "9.1.1"
  resolved "https://registry.npmjs.org/@react-spring/zdog/-/zdog-9.1.1.tgz"
  integrity sha512-v0bSWfc0HtfAH+ijdml+/h8pFtP+WtWkd8pDq1ncfA0V0ey+8/SILE6vd69jSIYq8Wr/Q/qIpMvPmM77YkT+Ag==
  dependencies:
    "@react-spring/animated" "~9.1.1"
    "@react-spring/core" "~9.1.1"
    "@react-spring/shared" "~9.1.1"
    "@react-spring/types" "~9.1.1"

"@types/lodash@^4.14.117":
  version "4.14.168"
  resolved "https://registry.yarnpkg.com/@types/lodash/-/lodash-4.14.168.tgz#fe24632e79b7ade3f132891afff86caa5e5ce008"
  integrity sha512-oVfRvqHV/V6D1yifJbVRU3TMp8OT6o6BG+U9MkwuJ3U8/CsDHvalRpsxBqivn71ztOFZBTfJMvETbqHiaNSj7Q==

aphrodite@^0.5.0:
  version "0.5.0"
  resolved "https://registry.npmjs.org/aphrodite/-/aphrodite-0.5.0.tgz"
  integrity sha1-pLmokCZiOV0nAucKx6K0ymbyVwM=
  dependencies:
    asap "^2.0.3"
    inline-style-prefixer "^2.0.0"

asap@^2.0.3:
  version "2.0.6"
  resolved "https://registry.npmjs.org/asap/-/asap-2.0.6.tgz"
  integrity sha1-5QNHYR1+aQlDIIu9r+vLwvuGbUY=

bowser@^1.0.0:
  version "1.9.4"
  resolved "https://registry.npmjs.org/bowser/-/bowser-1.9.4.tgz"
  integrity sha512-9IdMmj2KjigRq6oWhmwv1W36pDuA4STQZ8q6YO9um+x07xgYNCD3Oou+WP/3L1HNz7iqythGet3/p4wvc8AAwQ==

dom-helpers@^3.4.0:
  version "3.4.0"
  resolved "https://registry.npmjs.org/dom-helpers/-/dom-helpers-3.4.0.tgz"
  integrity sha512-LnuPJ+dwqKDIyotW1VzmOZ5TONUN7CwkCR5hrgawTUbkBGYdeoNLZo6nNfGkCrjtE1nXXaj7iMMpDa8/d9WoIA==
  dependencies:
    "@babel/runtime" "^7.1.2"

exenv@^1.2.2:
  version "1.2.2"
  resolved "https://registry.npmjs.org/exenv/-/exenv-1.2.2.tgz"
  integrity sha1-KueOhdmJQVhnCwPUe+wfA72Ru50=

get-node-dimensions@^1.2.1:
  version "1.2.1"
  resolved "https://registry.yarnpkg.com/get-node-dimensions/-/get-node-dimensions-1.2.1.tgz#fb7b4bb57060fb4247dd51c9d690dfbec56b0823"
  integrity sha512-2MSPMu7S1iOTL+BOa6K1S62hB2zUAYNF/lV0gSVlOaacd087lc6nR1H1r0e3B1CerTo+RceOmi1iJW+vp21xcQ==

get-them-args@1.3.2:
  version "1.3.2"
  resolved "https://registry.npmjs.org/get-them-args/-/get-them-args-1.3.2.tgz"
  integrity sha1-dKILqKSr7OWuGZrQPyvMaP38m6U=

hyphenate-style-name@^1.0.1:
  version "1.0.4"
  resolved "https://registry.npmjs.org/hyphenate-style-name/-/hyphenate-style-name-1.0.4.tgz"
  integrity sha512-ygGZLjmXfPHj+ZWh6LwbC37l43MhfztxetbFCoYTM2VjkIUpeHgSNn7QIyVFj7YQ1Wl9Cbw5sholVJPzWvC2MQ==

inline-style-prefixer@^2.0.0:
  version "2.0.5"
  resolved "https://registry.npmjs.org/inline-style-prefixer/-/inline-style-prefixer-2.0.5.tgz"
  integrity sha1-wVPH6I/YT+9cYC6VqBaLJ3BnH+c=
  dependencies:
    bowser "^1.0.0"
    hyphenate-style-name "^1.0.1"

js-base64@~2.6.0:
  version "2.6.4"
  resolved "https://registry.yarnpkg.com/js-base64/-/js-base64-2.6.4.tgz#f4e686c5de1ea1f867dbcad3d46d969428df98c4"
  integrity sha512-pZe//GGmwJndub7ZghVHz7vjb2LgC1m8B07Au3eYqeqv9emhESByMXxaEgkUkEqJe87oBbSniGYoQNIBklc7IQ==

"js-tokens@^3.0.0 || ^4.0.0":
  version "4.0.0"
  resolved "https://registry.npmjs.org/js-tokens/-/js-tokens-4.0.0.tgz"
  integrity sha512-RdJUflcE3cUzKiMqQgsCu06FPu9UdIJO0beYbPhHN4k6apgJtifcoCtT9bcxOpYBtpD2kCM6Sbzg4CausW/PKQ==

kill-port@^1.6.1:
  version "1.6.1"
  resolved "https://registry.npmjs.org/kill-port/-/kill-port-1.6.1.tgz"
  integrity sha512-un0Y55cOM7JKGaLnGja28T38tDDop0AQ8N0KlAdyh+B1nmMoX8AnNmqPNZbS3mUMgiST51DCVqmbFT1gNJpVNw==
  dependencies:
    get-them-args "1.3.2"
    shell-exec "1.0.2"

lodash.throttle@^4.1.1:
  version "4.1.1"
  resolved "https://registry.npmjs.org/lodash.throttle/-/lodash.throttle-4.1.1.tgz"
  integrity sha1-wj6RtxAkKscMN/HhzaknTMOb8vQ=

lodash@^4.17.11, lodash@^4.17.21:
  version "4.17.21"
  resolved "https://registry.npmjs.org/lodash/-/lodash-4.17.21.tgz"
  integrity sha512-v2kDEe57lecTulaDIuNTPy3Ry4gLGJ6Z1O3vE1krgXZNrsQ+LFTGHVxVjcXPs17LhbZVGedAJv8XZ1tvj5FvSg==

loose-envify@^1.0.0, loose-envify@^1.4.0:
  version "1.4.0"
  resolved "https://registry.npmjs.org/loose-envify/-/loose-envify-1.4.0.tgz"
  integrity sha512-lyuxPGr/Wfhrlem2CL/UcnUc1zcqKAImBDzukY7Y5F/yQiNdko6+fRLevlw1HgMySw7f611UIY408EtxRSoK3Q==
  dependencies:
    js-tokens "^3.0.0 || ^4.0.0"

object-assign@^4.1.1:
  version "4.1.1"
  resolved "https://registry.npmjs.org/object-assign/-/object-assign-4.1.1.tgz"
  integrity sha1-IQmtx5ZYh8/AXLvUQsrIv7s2CGM=

prop-types@^15.5.10, prop-types@^15.5.8, prop-types@^15.5.9, prop-types@^15.6.0, prop-types@^15.6.2:
  version "15.7.2"
  resolved "https://registry.npmjs.org/prop-types/-/prop-types-15.7.2.tgz"
  integrity sha512-8QQikdH7//R2vurIJSutZ1smHYTcLpRWEOlHnzcWHmBYrOGUysKwSsrC89BCiFj3CbrfJ/nXFdJepOVrY1GCHQ==
  dependencies:
    loose-envify "^1.4.0"
    object-assign "^4.1.1"
    react-is "^16.8.1"

rafz@^0.1.14:
  version "0.1.14"
  resolved "https://registry.npmjs.org/rafz/-/rafz-0.1.14.tgz"
  integrity sha512-YiQkedSt1urYtYbvHhTQR3l67M8SZbUvga5eJFM/v4vx/GmDdtXlE2hjJIyRjhhO/PjcdGC+CXCYOUA4onit8w==

react-animate-on-scroll@^2.1.5:
  version "2.1.5"
  resolved "https://registry.npmjs.org/react-animate-on-scroll/-/react-animate-on-scroll-2.1.5.tgz"
  integrity sha1-w1/1sZRSsjJwx6QjKbjcOR8nMCA=
  dependencies:
    lodash.throttle "^4.1.1"
    prop-types "^15.5.9"

react-grid-gallery@^0.5.5:
  version "0.5.5"
  resolved "https://registry.npmjs.org/react-grid-gallery/-/react-grid-gallery-0.5.5.tgz"
  integrity sha512-DkKg2/Am+VZPDG39fazelTcsZSQrfM/YllnIcWToyUEfOZcrzHxUoqCziCkuTPmCuMbHnrjidBFuDbAFgvSnvQ==
  dependencies:
    prop-types "^15.5.8"
    react-images "^0.5.16"

react-images@^0.5.16:
  version "0.5.19"
  resolved "https://registry.npmjs.org/react-images/-/react-images-0.5.19.tgz"
  integrity sha512-B3d4W1uFJj+m17K8S65iAyEJShKGBjPk7n7N1YsPiAydEm8mIq9a6CoeQFMY1d7N2QMs6FBCjT9vELyc5jP5JA==
  dependencies:
    aphrodite "^0.5.0"
    prop-types "^15.6.0"
    react-scrolllock "^2.0.1"
    react-transition-group "2"

react-imgix@^9.0.3:
  version "9.0.3"
  resolved "https://registry.yarnpkg.com/react-imgix/-/react-imgix-9.0.3.tgz#b9099013d0d03ffa7b02a7ff3394d4fb360fa1ca"
  integrity sha512-cSK3z7njg8eiWwEx+XhGUcwmjUMSe/OvzedyLhmuEXb9ASMjqJM8c6vegmrJ6qXHElWw1UOH7BwfoQn7IXiYVw==
  dependencies:
    js-base64 "~2.6.0"
    react-measure "^2.3.0"
    shallowequal "^1.1.0"
    warning "^4.0.1"

react-is@^16.8.1:
  version "16.13.1"
  resolved "https://registry.npmjs.org/react-is/-/react-is-16.13.1.tgz"
  integrity sha512-24e6ynE2H+OKt4kqsOvNd8kBpV65zoxbA4BVsEOB3ARVWQki/DHzaUoC5KuON/BiccDaCCTZBuOcfZs70kR8bQ==

react-justified-grid@^1.0.0:
  version "1.0.0"
  resolved "https://registry.yarnpkg.com/react-justified-grid/-/react-justified-grid-1.0.0.tgz#8bdf8600b1ca1a3f0041216a4788f070523a5048"
  integrity sha512-QDP86ynUD8izlh+oEiWk5mQDwSay2IKS91GN+x5F5Aeh31qMMwGcqfdf+u2Gkp218ZC7VS43AxpxjWCBbpJesw==
  dependencies:
    "@types/lodash" "^4.14.117"
    lodash "^4.17.11"

react-lifecycles-compat@^3.0.4:
  version "3.0.4"
  resolved "https://registry.npmjs.org/react-lifecycles-compat/-/react-lifecycles-compat-3.0.4.tgz"
  integrity sha512-fBASbA6LnOU9dOU2eW7aQ8xmYBSXUIWr+UmF9b1efZBazGNO+rcXT/icdKnYm2pTwcRylVUYwW7H1PHfLekVzA==

react-measure@^2.3.0:
  version "2.5.2"
  resolved "https://registry.yarnpkg.com/react-measure/-/react-measure-2.5.2.tgz#4ffc410e8b9cb836d9455a9ff18fc1f0fca67f89"
  integrity sha512-M+rpbTLWJ3FD6FXvYV6YEGvQ5tMayQ3fGrZhRPHrE9bVlBYfDCLuDcgNttYfk8IqfOI03jz6cbpqMRTUclQnaA==
  dependencies:
    "@babel/runtime" "^7.2.0"
    get-node-dimensions "^1.2.1"
    prop-types "^15.6.2"
    resize-observer-polyfill "^1.5.0"

react-prop-toggle@^1.0.2:
  version "1.0.2"
  resolved "https://registry.npmjs.org/react-prop-toggle/-/react-prop-toggle-1.0.2.tgz"
  integrity sha512-JmerjAXs7qJ959+d0Ygt7Cb2+4fG+n3I2VXO6JO0AcAY1vkRN/JpZKAN67CMXY889xEJcfylmMPhzvf6nWO68Q==

react-responsive-image-grid@^1.1.0:
  version "1.1.0"
  resolved "https://registry.yarnpkg.com/react-responsive-image-grid/-/react-responsive-image-grid-1.1.0.tgz#18b8eaaa95d07ff9954df1286cf5a2bd3d5e77b8"
  integrity sha512-0frjFYZ8alnHi4+xHusU37ByE5UUKQvOvOz3ER4b3DVxUoKkisnpRYhlYZeOxWQJ3YFhWdDRIPNiI4AHV8PL/w==
  dependencies:
    react-swipeable "^5.2.1"

react-responsive-masonry@^2.1.2:
  version "2.1.2"
  resolved "https://registry.npmjs.org/react-responsive-masonry/-/react-responsive-masonry-2.1.2.tgz"
  integrity sha512-Vd5XWx077VGL+Pnv4dxVA4rBl4Y5Y6snLqm29QFqHnEE8GNJtqUW96F6SgIcgWJoxfJC52Ifi5Oixz1PdeEpOA==

react-reveal@^1.2.2:
  version "1.2.2"
  resolved "https://registry.npmjs.org/react-reveal/-/react-reveal-1.2.2.tgz"
  integrity sha512-JCv3fAoU6Z+Lcd8U48bwzm4pMZ79qsedSXYwpwt6lJNtj/v5nKJYZZbw3yhaQPPgYePo3Y0NOCoYOq/jcsisuw==
  dependencies:
    prop-types "^15.5.10"

react-scrolllock@^2.0.1:
  version "2.0.7"
  resolved "https://registry.npmjs.org/react-scrolllock/-/react-scrolllock-2.0.7.tgz"
  integrity sha512-Gzpu8+ulxdYcybAgJOFTXc70xs7SBZDQbZNpKzchZUgLCJKjz6lrgESx6LHHZgfELx1xYL4yHu3kYQGQPFas/g==
  dependencies:
    exenv "^1.2.2"
    react-prop-toggle "^1.0.2"

react-spring@^9.1.1:
  version "9.1.1"
  resolved "https://registry.npmjs.org/react-spring/-/react-spring-9.1.1.tgz"
  integrity sha512-gdRyLETB5183zCygEKXq5lNsNLSRXC8PZjEacB6CXC4gK7EErqsJBaC5vIHYc9/PMsi2XvUyTP17y8IhYHnKjg==
  dependencies:
    "@react-spring/core" "~9.1.1"
    "@react-spring/konva" "~9.1.1"
    "@react-spring/native" "~9.1.1"
    "@react-spring/three" "~9.1.1"
    "@react-spring/web" "~9.1.1"
    "@react-spring/zdog" "~9.1.1"

react-swipeable@^5.2.1:
  version "5.5.1"
  resolved "https://registry.yarnpkg.com/react-swipeable/-/react-swipeable-5.5.1.tgz#48ae6182deaf62f21d4b87469b60281dbd7c4a76"
  integrity sha512-EQObuU3Qg3JdX3WxOn5reZvOSCpU4fwpUAs+NlXSN3y+qtsO2r8VGkVnOQzmByt3BSYj9EWYdUOUfi7vaMdZZw==
  dependencies:
    prop-types "^15.6.2"

react-transition-group@2:
  version "2.9.0"
  resolved "https://registry.npmjs.org/react-transition-group/-/react-transition-group-2.9.0.tgz"
  integrity sha512-+HzNTCHpeQyl4MJ/bdE0u6XRMe9+XG/+aL4mCxVN4DnPBQ0/5bfHWPDuOZUzYdMj94daZaZdCCc1Dzt9R/xSSg==
  dependencies:
    dom-helpers "^3.4.0"
    loose-envify "^1.4.0"
    prop-types "^15.6.2"
    react-lifecycles-compat "^3.0.4"

regenerator-runtime@^0.13.4:
  version "0.13.7"
  resolved "https://registry.npmjs.org/regenerator-runtime/-/regenerator-runtime-0.13.7.tgz"
  integrity sha512-a54FxoJDIr27pgf7IgeQGxmqUNYrcV338lf/6gH456HZ/PhX+5BcwHXG9ajESmwe6WRO0tAzRUrRmNONWgkrew==

resize-observer-polyfill@^1.5.0:
  version "1.5.1"
  resolved "https://registry.yarnpkg.com/resize-observer-polyfill/-/resize-observer-polyfill-1.5.1.tgz#0e9020dd3d21024458d4ebd27e23e40269810464"
  integrity sha512-LwZrotdHOo12nQuZlHEmtuXdqGoOD0OhaxopaNFxWzInpEgaLWoVuAMbTzixuosCx2nEG58ngzW3vxdWoxIgdg==

shallowequal@^1.1.0:
  version "1.1.0"
  resolved "https://registry.yarnpkg.com/shallowequal/-/shallowequal-1.1.0.tgz#188d521de95b9087404fd4dcb68b13df0ae4e7f8"
  integrity sha512-y0m1JoUZSlPAjXVtPPW70aZWfIL/dSP7AFkRnniLCrK/8MDKog3TySTBmckD+RObVxH0v4Tox67+F14PdED2oQ==

shell-exec@1.0.2:
  version "1.0.2"
  resolved "https://registry.npmjs.org/shell-exec/-/shell-exec-1.0.2.tgz"
  integrity sha512-jyVd+kU2X+mWKMmGhx4fpWbPsjvD53k9ivqetutVW/BQ+WIZoDoP4d8vUMGezV6saZsiNoW2f9GIhg9Dondohg==

warning@^4.0.1:
  version "4.0.3"
  resolved "https://registry.yarnpkg.com/warning/-/warning-4.0.3.tgz#16e9e077eb8a86d6af7d64aa1e05fd85b4678ca3"
  integrity sha512-rpJyN222KWIvHJ/F53XSZv0Zl/accqHR8et1kpaMTD/fLCRxtV8iX8czMzY7sVZupTI3zcUTg8eycS2kNF9l6w==
  dependencies:
    loose-envify "^1.0.0"
