# THIS IS AN AUTOGENERATED FILE. DO NOT EDIT THIS FILE DIRECTLY.
# yarn lockfile v1


"@react-spring/animated@~9.1.1":
  version "9.1.1"
  resolved "https://registry.yarnpkg.com/@react-spring/animated/-/animated-9.1.1.tgz#996db774bbc42fb37838580674c4ade4f2d99f20"
  integrity sha512-u8Assg5uySwqyoeb1f7eBAUSl8sleJTewdfhVi1EtcM9ngU2Snhcp6snF8NGxvf4gZp5z7v+Dfx3KdB2V8NnXQ==
  dependencies:
    "@react-spring/shared" "~9.1.1"
    "@react-spring/types" "~9.1.1"

"@react-spring/core@~9.1.1":
  version "9.1.1"
  resolved "https://registry.yarnpkg.com/@react-spring/core/-/core-9.1.1.tgz#0d109c9f921bf957dcb65340a4192061f28e5cb2"
  integrity sha512-flHeLN56idxQ1YIpUYY1m3r2ZAM2xg7Zb/pHBFSCbnOKP7TtlhAAOfmrabERqaThmrqkFKiq9FjyF76d3OjE5g==
  dependencies:
    "@react-spring/animated" "~9.1.1"
    "@react-spring/shared" "~9.1.1"
    "@react-spring/types" "~9.1.1"

"@react-spring/konva@~9.1.1":
  version "9.1.1"
  resolved "https://registry.yarnpkg.com/@react-spring/konva/-/konva-9.1.1.tgz#811b4baed651b9ffb8eb40caec7e80b6af6f446c"
  integrity sha512-xD93j5gNYyNTspvtxZXIU91RIfAKdqHMCJ4m6pugFQyHpa3EYVFDIMkPx7l7sCngMH/9Ez5Irit7NDtp7rZ1Hw==
  dependencies:
    "@react-spring/animated" "~9.1.1"
    "@react-spring/core" "~9.1.1"
    "@react-spring/shared" "~9.1.1"
    "@react-spring/types" "~9.1.1"

"@react-spring/native@~9.1.1":
  version "9.1.1"
  resolved "https://registry.yarnpkg.com/@react-spring/native/-/native-9.1.1.tgz#484d335372ed180bebb9edcfde8b7d4370239207"
  integrity sha512-eDBB4rSCmsuqyhc15VtEOQmEebvnMdg4Nh/OTyAvfDVNQTXm9H1LwZpKi1enxq2kUhpyZ8jX3kHzz3DPy0+Dag==
  dependencies:
    "@react-spring/animated" "~9.1.1"
    "@react-spring/core" "~9.1.1"
    "@react-spring/shared" "~9.1.1"
    "@react-spring/types" "~9.1.1"

"@react-spring/shared@~9.1.1":
  version "9.1.1"
  resolved "https://registry.yarnpkg.com/@react-spring/shared/-/shared-9.1.1.tgz#9f7b1a4051a0c71e0167805e7d499071b2aabddc"
  integrity sha512-GA9A9l5JxC50eDTDPu5IDUMhQ4MiBrXd3ZdlI6/wUCgAsZ1wPx77sxaccomxlUomRet0IUcXCEKcL1Flax7ZMQ==
  dependencies:
    "@react-spring/types" "~9.1.1"
    rafz "^0.1.14"

"@react-spring/three@~9.1.1":
  version "9.1.1"
  resolved "https://registry.yarnpkg.com/@react-spring/three/-/three-9.1.1.tgz#ba06152963ae592f6fb3e10487c325e623261788"
  integrity sha512-0CW41OHFkyx9laD/ZEkuHLXTq58c25ZFPTD+NyI2wHuhI1wyM0YGhlueNFXVpzkgpwj9dYnpdI7KxN7Cx0dnJg==
  dependencies:
    "@react-spring/animated" "~9.1.1"
    "@react-spring/core" "~9.1.1"
    "@react-spring/shared" "~9.1.1"
    "@react-spring/types" "~9.1.1"

"@react-spring/types@~9.1.1":
  version "9.1.1"
  resolved "https://registry.yarnpkg.com/@react-spring/types/-/types-9.1.1.tgz#0e53317018b81c4716a776e65477c8b0ee62758e"
  integrity sha512-GaesYowey+nmDw/yhZ5jErEH2UaDl4jxax8aQtW5h3OpNu/QS8swoEn/jxQgffLb0n6gjsER7QyIx/dmZIWlyw==

"@react-spring/web@~9.1.1":
  version "9.1.1"
  resolved "https://registry.yarnpkg.com/@react-spring/web/-/web-9.1.1.tgz#f7ff454631d0e495887ed4631672982e1e6fb500"
  integrity sha512-py4c/Agqz9Unf+Apame29XYTLqHnKXSwJA6Q44jcNtHRFMuRjIpCyhS13C1ZI5PcJT0g9b8CvtMQFiShne8wNQ==
  dependencies:
    "@react-spring/animated" "~9.1.1"
    "@react-spring/core" "~9.1.1"
    "@react-spring/shared" "~9.1.1"
    "@react-spring/types" "~9.1.1"

"@react-spring/zdog@~9.1.1":
  version "9.1.1"
  resolved "https://registry.yarnpkg.com/@react-spring/zdog/-/zdog-9.1.1.tgz#8a79a957a89141bf2281b597e98d9a8327a6ba15"
  integrity sha512-v0bSWfc0HtfAH+ijdml+/h8pFtP+WtWkd8pDq1ncfA0V0ey+8/SILE6vd69jSIYq8Wr/Q/qIpMvPmM77YkT+Ag==
  dependencies:
    "@react-spring/animated" "~9.1.1"
    "@react-spring/core" "~9.1.1"
    "@react-spring/shared" "~9.1.1"
    "@react-spring/types" "~9.1.1"

get-them-args@1.3.2:
  version "1.3.2"
  resolved "https://registry.yarnpkg.com/get-them-args/-/get-them-args-1.3.2.tgz#74a20ba8a4abece5ae199ad03f2bcc68fdfc9ba5"
  integrity sha1-dKILqKSr7OWuGZrQPyvMaP38m6U=

kill-port@^1.6.1:
  version "1.6.1"
  resolved "https://registry.yarnpkg.com/kill-port/-/kill-port-1.6.1.tgz#560fe79484583bdf3a5e908557dae614447618aa"
  integrity sha512-un0Y55cOM7JKGaLnGja28T38tDDop0AQ8N0KlAdyh+B1nmMoX8AnNmqPNZbS3mUMgiST51DCVqmbFT1gNJpVNw==
  dependencies:
    get-them-args "1.3.2"
    shell-exec "1.0.2"

rafz@^0.1.14:
  version "0.1.14"
  resolved "https://registry.yarnpkg.com/rafz/-/rafz-0.1.14.tgz#164f01cf7cc6094e08467247ef351ef5c8d278fe"
  integrity sha512-YiQkedSt1urYtYbvHhTQR3l67M8SZbUvga5eJFM/v4vx/GmDdtXlE2hjJIyRjhhO/PjcdGC+CXCYOUA4onit8w==

react-spring@^9.1.1:
  version "9.1.1"
  resolved "https://registry.yarnpkg.com/react-spring/-/react-spring-9.1.1.tgz#0771de37421501be2121631cff2b36d0331770e2"
  integrity sha512-gdRyLETB5183zCygEKXq5lNsNLSRXC8PZjEacB6CXC4gK7EErqsJBaC5vIHYc9/PMsi2XvUyTP17y8IhYHnKjg==
  dependencies:
    "@react-spring/core" "~9.1.1"
    "@react-spring/konva" "~9.1.1"
    "@react-spring/native" "~9.1.1"
    "@react-spring/three" "~9.1.1"
    "@react-spring/web" "~9.1.1"
    "@react-spring/zdog" "~9.1.1"

shell-exec@1.0.2:
  version "1.0.2"
  resolved "https://registry.yarnpkg.com/shell-exec/-/shell-exec-1.0.2.tgz#2e9361b0fde1d73f476c4b6671fa17785f696756"
  integrity sha512-jyVd+kU2X+mWKMmGhx4fpWbPsjvD53k9ivqetutVW/BQ+WIZoDoP4d8vUMGezV6saZsiNoW2f9GIhg9Dondohg==
